
Microsoft Visual Studio Solution File, Format Version 12.00
# Visual Studio Version 17
VisualStudioVersion = 17.12.35527.113
MinimumVisualStudioVersion = 10.0.40219.1
Project("{2150E333-8FDC-42A3-9474-1A3956D46DE8}") = "src", "src", "{4FB763D2-5E62-4107-8F72-728F7C0655DB}"
EndProject
Project("{FAE04EC0-301F-11D3-BF4B-00C04F79EFBC}") = "Components.Result", "src\Components.Result\Components.Result.csproj", "{EAA98EF7-7B1D-4B97-9F67-F0639B6A9950}"
EndProject
Global
	GlobalSection(SolutionConfigurationPlatforms) = preSolution
		Debug|Any CPU = Debug|Any CPU
		Release|Any CPU = Release|Any CPU
	EndGlobalSection
	GlobalSection(ProjectConfigurationPlatforms) = postSolution
		{EAA98EF7-7B1D-4B97-9F67-F0639B6A9950}.Debug|Any CPU.ActiveCfg = Debug|Any CPU
		{EAA98EF7-7B1D-4B97-9F67-F0639B6A9950}.Debug|Any CPU.Build.0 = Debug|Any CPU
		{EAA98EF7-7B1D-4B97-9F67-F0639B6A9950}.Release|Any CPU.ActiveCfg = Release|Any CPU
		{EAA98EF7-7B1D-4B97-9F67-F0639B6A9950}.Release|Any CPU.Build.0 = Release|Any CPU
	EndGlobalSection
	GlobalSection(SolutionProperties) = preSolution
		HideSolutionNode = FALSE
	EndGlobalSection
	GlobalSection(NestedProjects) = preSolution
		{EAA98EF7-7B1D-4B97-9F67-F0639B6A9950} = {4FB763D2-5E62-4107-8F72-728F7C0655DB}
	EndGlobalSection
EndGlobal
